{
  "nodes": {
    "alejandra": {
      "inputs": {
        "fenix": "fenix",
        "flakeCompat": "flakeCompat",
        "nixpkgs": [
          "webcord",
          "dream2nix",
          "nixpkgs"
        ]
      },
      "locked": {
        "lastModified": 1658427149,
        "narHash": "sha256-ToD/1z/q5VHsLMrS2h96vjJoLho59eNRtknOUd19ey8=",
        "owner": "kamadorueda",
        "repo": "alejandra",
        "rev": "f5a22afd2adfb249b4e68e0b33aa1f0fb73fb1be",
        "type": "github"
      },
      "original": {
        "owner": "kamadorueda",
        "repo": "alejandra",
        "type": "github"
      }
    },
    "bspwm-rounded": {
      "flake": false,
      "locked": {
        "lastModified": 1650470277,
        "narHash": "sha256-VyQoLiQ4yT43scFcCfBejr+SfGuJEZ6RI9Gf1kRGFV0=",
        "owner": "phuhl",
        "repo": "bspwm-rounded",
        "rev": "a510c368595cd530713cc9d850842ba096051d12",
        "type": "github"
      },
      "original": {
        "owner": "phuhl",
        "repo": "bspwm-rounded",
        "type": "github"
      }
    },
    "bufresize-nvim": {
      "flake": false,
      "locked": {
        "lastModified": 1647824331,
        "narHash": "sha256-6jqlKe8Ekm+3dvlgFCpJnI0BZzWC3KDYoOb88/itH+g=",
        "owner": "kwkarlwang",
        "repo": "bufresize.nvim",
        "rev": "3b19527ab936d6910484dcc20fb59bdb12322d8b",
        "type": "github"
      },
      "original": {
        "owner": "kwkarlwang",
        "repo": "bufresize.nvim",
        "type": "github"
      }
    },
    "crane": {
      "flake": false,
      "locked": {
        "lastModified": 1661875961,
        "narHash": "sha256-f1h/2c6Teeu1ofAHWzrS8TwBPcnN+EEu+z1sRVmMQTk=",
        "owner": "ipetkov",
        "repo": "crane",
        "rev": "d9f394e4e20e97c2a60c3ad82c2b6ef99be19e24",
        "type": "github"
      },
      "original": {
        "owner": "ipetkov",
        "repo": "crane",
        "type": "github"
      }
    },
    "devshell": {
      "flake": false,
      "locked": {
        "lastModified": 1653917170,
        "narHash": "sha256-FyxOnEE/V4PNEcMU62ikY4FfYPo349MOhMM97HS0XEo=",
        "owner": "numtide",
        "repo": "devshell",
        "rev": "fc7a3e3adde9bbcab68af6d1e3c6eb738e296a92",
        "type": "github"
      },
      "original": {
        "owner": "numtide",
        "repo": "devshell",
        "type": "github"
      }
    },
    "discocss": {
      "inputs": {
        "flake-utils": "flake-utils",
        "nixpkgs": [
          "nixpkgs"
        ]
      },
      "locked": {
        "lastModified": 1657375072,
        "narHash": "sha256-kaRGVoiJJOAAvqlO++1yNexJHCBtCK3ROkAtAAZKt2s=",
        "owner": "fufexan",
        "repo": "discocss",
        "rev": "ca08c085637061366ed41c6f282d086e24dbf2ec",
        "type": "github"
      },
      "original": {
        "owner": "fufexan",
        "ref": "flake",
        "repo": "discocss",
        "type": "github"
      }
    },
    "dream2nix": {
      "inputs": {
        "alejandra": "alejandra",
        "crane": "crane",
        "devshell": "devshell",
        "flake-utils-pre-commit": "flake-utils-pre-commit",
        "gomod2nix": "gomod2nix",
        "mach-nix": "mach-nix",
        "nixpkgs": [
          "webcord",
          "nixpkgs"
        ],
        "poetry2nix": "poetry2nix",
        "pre-commit-hooks": "pre-commit-hooks"
      },
      "locked": {
        "lastModified": 1664882193,
        "narHash": "sha256-uiAYOxN/M4dpaB6ieY3xOvOH6XgHP9NVXDTzSRa3pMc=",
        "owner": "nix-community",
        "repo": "dream2nix",
        "rev": "785b76894263fd76a0e69955e4cd990b7b735bdf",
        "type": "github"
      },
      "original": {
        "owner": "nix-community",
        "repo": "dream2nix",
        "type": "github"
      }
    },
    "fenix": {
      "inputs": {
        "nixpkgs": [
          "webcord",
          "dream2nix",
          "alejandra",
          "nixpkgs"
        ],
        "rust-analyzer-src": "rust-analyzer-src"
      },
      "locked": {
        "lastModified": 1657607339,
        "narHash": "sha256-HaqoAwlbVVZH2n4P3jN2FFPMpVuhxDy1poNOR7kzODc=",
        "owner": "nix-community",
        "repo": "fenix",
        "rev": "b814c83d9e6aa5a28d0cf356ecfdafb2505ad37d",
        "type": "github"
      },
      "original": {
        "owner": "nix-community",
        "repo": "fenix",
        "type": "github"
      }
    },
    "flake-utils": {
      "locked": {
        "lastModified": 1619345332,
        "narHash": "sha256-qHnQkEp1uklKTpx3MvKtY6xzgcqXDsz5nLilbbuL+3A=",
        "owner": "numtide",
        "repo": "flake-utils",
        "rev": "2ebf2558e5bf978c7fb8ea927dfaed8fefab2e28",
        "type": "github"
      },
      "original": {
        "owner": "numtide",
        "repo": "flake-utils",
        "type": "github"
      }
    },
    "flake-utils-pre-commit": {
      "locked": {
        "lastModified": 1644229661,
        "narHash": "sha256-1YdnJAsNy69bpcjuoKdOYQX0YxZBiCYZo4Twxerqv7k=",
        "owner": "numtide",
        "repo": "flake-utils",
        "rev": "3cecb5b042f7f209c56ffd8371b2711a290ec797",
        "type": "github"
      },
      "original": {
        "owner": "numtide",
        "repo": "flake-utils",
        "type": "github"
      }
    },
    "flake-utils_2": {
      "locked": {
        "lastModified": 1659877975,
        "narHash": "sha256-zllb8aq3YO3h8B/U0/J1WBgAL8EX5yWf5pMj3G0NAmc=",
        "owner": "numtide",
        "repo": "flake-utils",
        "rev": "c0e246b9b83f637f4681389ecabcb2681b4f3af0",
        "type": "github"
      },
      "original": {
        "owner": "numtide",
        "repo": "flake-utils",
        "type": "github"
      }
    },
    "flake-utils_3": {
      "locked": {
        "lastModified": 1659877975,
        "narHash": "sha256-zllb8aq3YO3h8B/U0/J1WBgAL8EX5yWf5pMj3G0NAmc=",
        "owner": "numtide",
        "repo": "flake-utils",
        "rev": "c0e246b9b83f637f4681389ecabcb2681b4f3af0",
        "type": "github"
      },
      "original": {
        "owner": "numtide",
        "repo": "flake-utils",
        "type": "github"
      }
    },
    "flake-utils_4": {
      "locked": {
        "lastModified": 1649676176,
        "narHash": "sha256-OWKJratjt2RW151VUlJPRALb7OU2S5s+f0vLj4o1bHM=",
        "owner": "numtide",
        "repo": "flake-utils",
        "rev": "a4b154ebbdc88c8498a5c7b01589addc9e9cb678",
        "type": "github"
      },
      "original": {
        "owner": "numtide",
        "repo": "flake-utils",
        "type": "github"
      }
    },
    "flake-utils_5": {
      "locked": {
        "lastModified": 1659877975,
        "narHash": "sha256-zllb8aq3YO3h8B/U0/J1WBgAL8EX5yWf5pMj3G0NAmc=",
        "owner": "numtide",
        "repo": "flake-utils",
        "rev": "c0e246b9b83f637f4681389ecabcb2681b4f3af0",
        "type": "github"
      },
      "original": {
        "owner": "numtide",
        "repo": "flake-utils",
        "type": "github"
      }
    },
    "flake-utils_6": {
      "locked": {
        "lastModified": 1649676176,
        "narHash": "sha256-OWKJratjt2RW151VUlJPRALb7OU2S5s+f0vLj4o1bHM=",
        "owner": "numtide",
        "repo": "flake-utils",
        "rev": "a4b154ebbdc88c8498a5c7b01589addc9e9cb678",
        "type": "github"
      },
      "original": {
        "owner": "numtide",
        "repo": "flake-utils",
        "type": "github"
      }
    },
    "flakeCompat": {
      "flake": false,
      "locked": {
        "lastModified": 1650374568,
        "narHash": "sha256-Z+s0J8/r907g149rllvwhb4pKi8Wam5ij0st8PwAh+E=",
        "owner": "edolstra",
        "repo": "flake-compat",
        "rev": "b4a34015c698c7793d592d66adbab377907a2be8",
        "type": "github"
      },
      "original": {
        "owner": "edolstra",
        "repo": "flake-compat",
        "type": "github"
      }
    },
    "flutter-tools-nvim": {
      "flake": false,
      "locked": {
        "lastModified": 1662736694,
        "narHash": "sha256-jkH8qdm4YTDTX1mplgSw6qxUnhoAEk+UsQ+rMFbzo1A=",
        "owner": "FlafyDev",
        "repo": "flutter-tools.nvim",
        "rev": "b023872fa7d82325dc9b44b2fd4d91157f37ef91",
        "type": "github"
      },
      "original": {
        "owner": "FlafyDev",
        "repo": "flutter-tools.nvim",
        "type": "github"
      }
    },
    "gomod2nix": {
      "flake": false,
      "locked": {
        "lastModified": 1627572165,
        "narHash": "sha256-MFpwnkvQpauj799b4QTBJQFEddbD02+Ln5k92QyHOSk=",
        "owner": "tweag",
        "repo": "gomod2nix",
        "rev": "67f22dd738d092c6ba88e420350ada0ed4992ae8",
        "type": "github"
      },
      "original": {
        "owner": "tweag",
        "repo": "gomod2nix",
        "type": "github"
      }
    },
    "guifetch": {
      "inputs": {
        "flake-utils": "flake-utils_2",
        "nixpkgs": "nixpkgs"
      },
      "locked": {
        "lastModified": 1665411794,
        "narHash": "sha256-KTQ51lUeC/tlrjJln78mHGkqzDqHhsXIn0GQKUS0370=",
        "owner": "flafydev",
        "repo": "guifetch",
        "rev": "cdbb0ff22796a193b354290f2b0b2b0b78decfcd",
        "type": "github"
      },
      "original": {
        "owner": "flafydev",
        "repo": "guifetch",
        "type": "github"
      }
    },
    "home-manager": {
      "inputs": {
        "nixpkgs": [
          "nixpkgs"
        ],
        "utils": "utils"
      },
      "locked": {
        "lastModified": 1665271265,
        "narHash": "sha256-4Nn0T5YoR3bBLFnPy6Tkc8zzmzMTBjSGZq05c5hKhEI=",
        "owner": "nix-community",
        "repo": "home-manager",
        "rev": "e1f1160284198a68ea8c7fffbbb1436f99e46ef9",
        "type": "github"
      },
      "original": {
        "owner": "nix-community",
        "repo": "home-manager",
        "type": "github"
      }
    },
    "hyprland": {
      "inputs": {
        "nixpkgs": [
          "nixpkgs"
        ],
        "wlroots": "wlroots"
      },
      "locked": {
        "lastModified": 1665413965,
        "narHash": "sha256-QerUvVuB6zA7nqFRoaUBnngLafa7eL9O63uDt7cLILA=",
        "owner": "hyprwm",
        "repo": "Hyprland",
        "rev": "f55f56f26049ec97dab2cdbaf6445e9166c72b7d",
        "type": "github"
      },
      "original": {
        "owner": "hyprwm",
        "repo": "Hyprland",
        "type": "github"
      }
    },
    "hyprpaper": {
      "inputs": {
        "nixpkgs": [
          "nixpkgs"
        ]
      },
      "locked": {
        "lastModified": 1664568383,
        "narHash": "sha256-KojBifIOkJ2WmO/lRjQIgPgUnX5Eu10U4VDg+1MB2co=",
        "owner": "hyprwm",
        "repo": "hyprpaper",
        "rev": "8f4c712950ad6a9bc7c7281c15a63f5fa06ba92b",
        "type": "github"
      },
      "original": {
        "owner": "hyprwm",
        "repo": "hyprpaper",
        "type": "github"
      }
    },
    "lang-to-docx": {
      "inputs": {
        "flake-utils": "flake-utils_3",
        "nix-dart": "nix-dart",
        "nixpkgs": [
          "nixpkgs"
        ]
      },
      "locked": {
        "lastModified": 1664581104,
        "narHash": "sha256-NwLibcRrx9wIUtdj+mjEZPCoHJp+mYkNh4Q6NVCz8TU=",
        "owner": "FlafyDev",
        "repo": "lang-to-docx",
        "rev": "b8371e4ba54556f34cdfe4f51905066bdf5f6501",
        "type": "github"
      },
      "original": {
        "owner": "FlafyDev",
        "repo": "lang-to-docx",
        "type": "github"
      }
    },
    "mach-nix": {
      "flake": false,
      "locked": {
        "lastModified": 1634711045,
        "narHash": "sha256-m5A2Ty88NChLyFhXucECj6+AuiMZPHXNbw+9Kcs7F6Y=",
        "owner": "DavHau",
        "repo": "mach-nix",
        "rev": "4433f74a97b94b596fa6cd9b9c0402104aceef5d",
        "type": "github"
      },
      "original": {
        "id": "mach-nix",
        "type": "indirect"
      }
    },
    "nix-dart": {
      "inputs": {
        "flake-utils": "flake-utils_4",
        "nixpkgs": "nixpkgs_2",
        "pub2nix": "pub2nix"
      },
      "locked": {
        "lastModified": 1664396700,
        "narHash": "sha256-bkB6U6Anu5xeX3P7kZFrcGABfg4DZgvi3SRgEpXGXP0=",
        "owner": "Cir0X",
        "repo": "nix-dart",
        "rev": "d4158692f6fb28a837c398e9f8d091c0e5b05ab2",
        "type": "github"
      },
      "original": {
        "owner": "Cir0X",
        "repo": "nix-dart",
        "type": "github"
      }
    },
    "nix-dart_2": {
      "inputs": {
        "flake-utils": "flake-utils_6",
        "nixpkgs": "nixpkgs_4",
        "pub2nix": "pub2nix_2"
      },
      "locked": {
        "lastModified": 1664396700,
        "narHash": "sha256-bkB6U6Anu5xeX3P7kZFrcGABfg4DZgvi3SRgEpXGXP0=",
        "owner": "Cir0X",
        "repo": "nix-dart",
        "rev": "d4158692f6fb28a837c398e9f8d091c0e5b05ab2",
        "type": "github"
      },
      "original": {
        "owner": "Cir0X",
        "repo": "nix-dart",
        "type": "github"
      }
    },
    "nixpkgs": {
      "locked": {
        "lastModified": 1663235518,
        "narHash": "sha256-q8zLK6rK/CLXEguaPgm9yQJcY0VQtOBhAT9EV2UFK/A=",
        "owner": "NixOS",
        "repo": "nixpkgs",
        "rev": "2277e4c9010b0f27585eb0bed0a86d7cbc079354",
        "type": "github"
      },
      "original": {
        "owner": "NixOS",
        "repo": "nixpkgs",
        "rev": "2277e4c9010b0f27585eb0bed0a86d7cbc079354",
        "type": "github"
      }
    },
    "nixpkgs_2": {
      "locked": {
        "lastModified": 1652133925,
        "narHash": "sha256-kfATGChLe9/fQVZkXN9G71JAVMlhePv1qDbaRKklkQs=",
        "owner": "NixOS",
        "repo": "nixpkgs",
        "rev": "51d859cdab1ef58755bd342d45352fc607f5e59b",
        "type": "github"
      },
      "original": {
        "id": "nixpkgs",
        "type": "indirect"
      }
    },
    "nixpkgs_3": {
      "locked": {
        "lastModified": 1665259268,
        "narHash": "sha256-ONFhHBLv5nZKhwV/F2GOH16197PbvpyWhoO0AOyktkU=",
        "owner": "nixos",
        "repo": "nixpkgs",
        "rev": "c5924154f000e6306030300592f4282949b2db6c",
        "type": "github"
      },
      "original": {
        "owner": "nixos",
        "ref": "nixos-unstable",
        "repo": "nixpkgs",
        "type": "github"
      }
    },
    "nixpkgs_4": {
      "locked": {
        "lastModified": 1652133925,
        "narHash": "sha256-kfATGChLe9/fQVZkXN9G71JAVMlhePv1qDbaRKklkQs=",
        "owner": "NixOS",
        "repo": "nixpkgs",
        "rev": "51d859cdab1ef58755bd342d45352fc607f5e59b",
        "type": "github"
      },
      "original": {
        "id": "nixpkgs",
        "type": "indirect"
      }
    },
    "npm-buildpackage": {
      "inputs": {
        "nixpkgs": [
          "nixpkgs"
        ]
      },
      "locked": {
        "lastModified": 1664286682,
        "narHash": "sha256-OBdpqW2zpwYF/JWUk013rbMdIC3R17ynX78tQPbfHNw=",
        "owner": "serokell",
        "repo": "nix-npm-buildpackage",
        "rev": "bc0c4989f664ff262d3ab39cad9dc0f6f1c10017",
        "type": "github"
      },
      "original": {
        "owner": "serokell",
        "repo": "nix-npm-buildpackage",
        "type": "github"
      }
    },
    "nur": {
      "locked": {
        "lastModified": 1665387055,
        "narHash": "sha256-sK6TP+IqBhLCPVAX9ZppDLxvSSyuvtqeHmaIn7p/ohA=",
        "owner": "nix-community",
        "repo": "NUR",
        "rev": "d94d26e19415fe36e5c75bc36d838d67b913c840",
        "type": "github"
      },
      "original": {
        "owner": "nix-community",
        "repo": "NUR",
        "type": "github"
      }
    },
    "poetry2nix": {
      "flake": false,
      "locked": {
        "lastModified": 1632969109,
        "narHash": "sha256-jPDclkkiAy5m2gGLBlKgH+lQtbF7tL4XxBrbSzw+Ioc=",
        "owner": "nix-community",
        "repo": "poetry2nix",
        "rev": "aee8f04296c39d88155e05d25cfc59dfdd41cc77",
        "type": "github"
      },
      "original": {
        "owner": "nix-community",
        "ref": "1.21.0",
        "repo": "poetry2nix",
        "type": "github"
      }
    },
    "pre-commit-hooks": {
      "inputs": {
        "flake-utils": [
          "webcord",
          "dream2nix",
          "flake-utils-pre-commit"
        ],
        "nixpkgs": [
          "webcord",
          "dream2nix",
          "nixpkgs"
        ]
      },
      "locked": {
        "lastModified": 1646153636,
        "narHash": "sha256-AlWHMzK+xJ1mG267FdT8dCq/HvLCA6jwmx2ZUy5O8tY=",
        "owner": "cachix",
        "repo": "pre-commit-hooks.nix",
        "rev": "b6bc0b21e1617e2b07d8205e7fae7224036dfa4b",
        "type": "github"
      },
      "original": {
        "owner": "cachix",
        "repo": "pre-commit-hooks.nix",
        "type": "github"
      }
    },
    "pub2nix": {
      "flake": false,
      "locked": {
        "lastModified": 1658857493,
        "narHash": "sha256-1JdcFEmjwlr0NGNbB3fgYqaUZPJbaFnxYifNPoL3bio=",
        "owner": "cir0x",
        "repo": "pub2nix",
        "rev": "47e6ab2e061e0c7a0ae6a949a8c6b34daf3ac298",
        "type": "github"
      },
      "original": {
        "owner": "cir0x",
        "repo": "pub2nix",
        "type": "github"
      }
    },
    "pub2nix_2": {
      "flake": false,
      "locked": {
        "lastModified": 1658857493,
        "narHash": "sha256-1JdcFEmjwlr0NGNbB3fgYqaUZPJbaFnxYifNPoL3bio=",
        "owner": "cir0x",
        "repo": "pub2nix",
        "rev": "47e6ab2e061e0c7a0ae6a949a8c6b34daf3ac298",
        "type": "github"
      },
      "original": {
        "owner": "cir0x",
        "repo": "pub2nix",
        "type": "github"
      }
    },
    "qutebrowser-base16": {
      "flake": false,
      "locked": {
        "lastModified": 1661648390,
        "narHash": "sha256-R2I69BPqX3VrBDAbTeotLn4W6VgHahzcrxTkMY07xc0=",
        "owner": "base16-project",
        "repo": "base16-qutebrowser",
        "rev": "d10084b6198bd0a220d822be0156705e7fdd14ff",
        "type": "github"
      },
      "original": {
        "owner": "base16-project",
        "repo": "base16-qutebrowser",
        "type": "github"
      }
    },
    "root": {
      "inputs": {
        "bspwm-rounded": "bspwm-rounded",
        "bufresize-nvim": "bufresize-nvim",
        "discocss": "discocss",
        "flutter-tools-nvim": "flutter-tools-nvim",
        "guifetch": "guifetch",
        "home-manager": "home-manager",
        "hyprland": "hyprland",
        "hyprpaper": "hyprpaper",
        "lang-to-docx": "lang-to-docx",
        "nixpkgs": "nixpkgs_3",
        "npm-buildpackage": "npm-buildpackage",
        "nur": "nur",
        "qutebrowser-base16": "qutebrowser-base16",
        "sway-borders": "sway-borders",
        "tofi-rbw": "tofi-rbw",
        "webcord": "webcord",
        "yuck-vim": "yuck-vim"
      }
    },
    "rust-analyzer-src": {
      "flake": false,
      "locked": {
        "lastModified": 1657557289,
        "narHash": "sha256-PRW+nUwuqNTRAEa83SfX+7g+g8nQ+2MMbasQ9nt6+UM=",
        "owner": "rust-lang",
        "repo": "rust-analyzer",
        "rev": "caf23f29144b371035b864a1017dbc32573ad56d",
        "type": "github"
      },
      "original": {
        "owner": "rust-lang",
        "ref": "nightly",
        "repo": "rust-analyzer",
        "type": "github"
      }
    },
    "sway-borders": {
      "flake": false,
      "locked": {
        "lastModified": 1656018468,
        "narHash": "sha256-esMruivwq6XPPYJWaW825+d8rD8NOxbJQqVfAeBtXe0=",
        "owner": "fluix-dev",
        "repo": "sway-borders",
        "rev": "3890d2a2fb255276993891e2da5f6cb33670efcd",
        "type": "github"
      },
      "original": {
        "owner": "fluix-dev",
        "repo": "sway-borders",
        "type": "github"
      }
    },
    "tofi-rbw": {
      "inputs": {
        "flake-utils": "flake-utils_5",
        "nix-dart": "nix-dart_2",
        "nixpkgs": [
          "nixpkgs"
        ]
      },
      "locked": {
        "lastModified": 1665153357,
        "narHash": "sha256-BSwx6EPw3QnHqGYsS2nkRIPO0ECT5zuNRT8W9SwA1+8=",
        "owner": "FlafyDev",
        "repo": "tofi-rbw",
        "rev": "7eb291ce95a077ec05d0f32d55e091e8f8b8c55a",
        "type": "github"
      },
      "original": {
        "owner": "FlafyDev",
        "repo": "tofi-rbw",
        "type": "github"
      }
    },
    "utils": {
      "locked": {
        "lastModified": 1659877975,
        "narHash": "sha256-zllb8aq3YO3h8B/U0/J1WBgAL8EX5yWf5pMj3G0NAmc=",
        "owner": "numtide",
        "repo": "flake-utils",
        "rev": "c0e246b9b83f637f4681389ecabcb2681b4f3af0",
        "type": "github"
      },
      "original": {
        "owner": "numtide",
        "repo": "flake-utils",
        "type": "github"
      }
    },
    "webcord": {
      "inputs": {
        "dream2nix": "dream2nix",
        "nixpkgs": [
          "nixpkgs"
        ],
        "webcord": "webcord_2"
      },
      "locked": {
        "lastModified": 1664913401,
        "narHash": "sha256-OQEQl0THKfnvBfboOFyWPzLhQejf539q1j4TD6dC64k=",
        "owner": "fufexan",
        "repo": "webcord-flake",
        "rev": "8d52a20956de918df1b63df2ebc18d598b06df48",
        "type": "github"
      },
      "original": {
        "owner": "fufexan",
        "repo": "webcord-flake",
        "type": "github"
      }
    },
    "webcord_2": {
      "flake": false,
      "locked": {
        "lastModified": 1664742535,
        "narHash": "sha256-QoXBlhCM97haNlkbU4O2oXITnzrkiM9hYAiNpduVjIQ=",
        "owner": "SpacingBat3",
        "repo": "WebCord",
        "rev": "cb6938bde4f57b252b167b23fc0c2d6120326fff",
        "type": "github"
      },
      "original": {
        "owner": "SpacingBat3",
        "repo": "WebCord",
        "type": "github"
      }
    },
    "wlroots": {
      "flake": false,
      "locked": {
        "host": "gitlab.freedesktop.org",
        "lastModified": 1665331677,
        "narHash": "sha256-3Dh1i11mHK80jx5figC1oh1V0rCjieh0Mj+MajXdbPw=",
        "owner": "wlroots",
        "repo": "wlroots",
        "rev": "ab8341975e62b1f668d8c9779ec8e72d04718a99",
        "type": "gitlab"
      },
      "original": {
        "host": "gitlab.freedesktop.org",
        "owner": "wlroots",
        "repo": "wlroots",
        "type": "gitlab"
      }
    },
    "yuck-vim": {
      "flake": false,
      "locked": {
        "lastModified": 1628507071,
        "narHash": "sha256-lp7qJWkvelVfoLCyI0aAiajTC+0W1BzDhmtta7tnICE=",
        "owner": "elkowar",
        "repo": "yuck.vim",
        "rev": "6dc3da77c53820c32648cf67cbdbdfb6994f4e08",
        "type": "github"
      },
      "original": {
        "owner": "elkowar",
        "repo": "yuck.vim",
        "type": "github"
      }
    }
  },
  "root": "root",
  "version": 7
}
