{
  "nodes": {
    "agenix": {
      "inputs": {
        "darwin": "darwin",
        "home-manager": "home-manager",
        "nixpkgs": ["nixpkgs"],
        "systems": "systems"
      },
      "locked": {
        "lastModified": 1736955230,
        "narHash": "sha256-uenf8fv2eG5bKM8C/UvFaiJMZ4IpUFaQxk9OH5t/1gA=",
        "owner": "ryantm",
        "repo": "agenix",
        "rev": "e600439ec4c273cf11e06fe4d9d906fb98fa097c",
        "type": "github"
      },
      "original": {
        "owner": "ryantm",
        "repo": "agenix",
        "type": "github"
      }
    },
    "anyrun": {
      "inputs": {
        "flake-parts": "flake-parts",
        "nixpkgs": ["nixpkgs"],
        "systems": "systems_2"
      },
      "locked": {
        "lastModified": 1735301051,
        "narHash": "sha256-jU88Q9tP4vuvWYGQcmOdFwI9e2uMPVYJHbXdiklIH9o=",
        "owner": "kirottu",
        "repo": "anyrun",
        "rev": "06017e753c8886d5296768dca80745ee09402a2d",
        "type": "github"
      },
      "original": {
        "owner": "kirottu",
        "repo": "anyrun",
        "type": "github"
      }
    },
    "anyrun-nixos-options": {
      "inputs": {
        "flake-parts": "flake-parts_2",
        "nixpkgs": ["nixpkgs"]
      },
      "locked": {
        "lastModified": 1696957299,
        "narHash": "sha256-SGhfEkJBSYhfW9ISdy2RyfrvDqmQXKUIrzSXC9yyRx0=",
        "owner": "n3oney",
        "repo": "anyrun-nixos-options",
        "rev": "54fbb674d9cc8f014ad624a76132931b72bf5fd3",
        "type": "github"
      },
      "original": {
        "owner": "n3oney",
        "ref": "v1.0.1",
        "repo": "anyrun-nixos-options",
        "type": "github"
      }
    },
    "aquamarine": {
      "inputs": {
        "hyprutils": ["hyprland", "hyprutils"],
        "hyprwayland-scanner": ["hyprland", "hyprwayland-scanner"],
        "nixpkgs": ["hyprland", "nixpkgs"],
        "systems": ["hyprland", "systems"]
      },
      "locked": {
        "lastModified": 1742213273,
        "narHash": "sha256-0l0vDb4anfsBu1rOs94bC73Hub+xEivgBAo6QXl2MmU=",
        "owner": "hyprwm",
        "repo": "aquamarine",
        "rev": "484b732195cc53f4536ce4bd59a5c6402b1e7ccf",
        "type": "github"
      },
      "original": {
        "owner": "hyprwm",
        "repo": "aquamarine",
        "type": "github"
      }
    },
    "assets": {
      "locked": {
        "lastModified": 1714291470,
        "narHash": "sha256-Cq/N6FfoBmGDGlT7BxIn7fV0v1Sjsmc5MumTzBCjMMw=",
        "owner": "FlafyDev",
        "repo": "assets",
        "rev": "706398a03de41fbb58e33e958cb957b619aa5fea",
        "type": "github"
      },
      "original": {
        "owner": "FlafyDev",
        "repo": "assets",
        "type": "github"
      }
    },
    "bad-time-simulator": {
      "flake": false,
      "locked": {
        "lastModified": 1704047384,
        "narHash": "sha256-RgZM7hWQ8thIvSaXQzfRi1Bf43rC1lvC1LanmbOhg34=",
        "owner": "flafydev",
        "repo": "bad-time-simulator-compiled",
        "rev": "562c6dfe641174abc70739cf879d341f6f7e0dbd",
        "type": "github"
      },
      "original": {
        "owner": "flafydev",
        "repo": "bad-time-simulator-compiled",
        "type": "github"
      }
    },
    "bufresize-nvim": {
      "flake": false,
      "locked": {
        "lastModified": 1647824331,
        "narHash": "sha256-6jqlKe8Ekm+3dvlgFCpJnI0BZzWC3KDYoOb88/itH+g=",
        "owner": "kwkarlwang",
        "repo": "bufresize.nvim",
        "rev": "3b19527ab936d6910484dcc20fb59bdb12322d8b",
        "type": "github"
      },
      "original": {
        "owner": "kwkarlwang",
        "repo": "bufresize.nvim",
        "type": "github"
      }
    },
    "darwin": {
      "inputs": {
        "nixpkgs": ["agenix", "nixpkgs"]
      },
      "locked": {
        "lastModified": 1700795494,
        "narHash": "sha256-gzGLZSiOhf155FW7262kdHo2YDeugp3VuIFb4/GGng0=",
        "owner": "lnl7",
        "repo": "nix-darwin",
        "rev": "4b9b83d5a92e8c1fbfd8eb27eda375908c11ec4d",
        "type": "github"
      },
      "original": {
        "owner": "lnl7",
        "ref": "master",
        "repo": "nix-darwin",
        "type": "github"
      }
    },
    "emoji-drawing": {
      "inputs": {
        "flake-utils": "flake-utils",
        "nixpkgs": "nixpkgs"
      },
      "locked": {
        "lastModified": 1718807085,
        "narHash": "sha256-Qt2XFbTSeKD7WMFM2pePIXWPTKfTTyIE12Kx9Jl4NoU=",
        "owner": "flafydev",
        "repo": "emoji-drawing",
        "rev": "c674202d82c71ac6d6acda739270b003c32d9669",
        "type": "github"
      },
      "original": {
        "owner": "flafydev",
        "repo": "emoji-drawing",
        "type": "github"
      }
    },
    "flake-compat": {
      "flake": false,
      "locked": {
        "lastModified": 1696426674,
        "narHash": "sha256-kvjfFW7WAETZlt09AgDn1MrtKzP7t90Vf7vypd3OL1U=",
        "owner": "edolstra",
        "repo": "flake-compat",
        "rev": "0f9255e01c2351cc7d116c072cb317785dd33b33",
        "type": "github"
      },
      "original": {
        "owner": "edolstra",
        "repo": "flake-compat",
        "type": "github"
      }
    },
    "flake-compat_2": {
      "flake": false,
      "locked": {
        "lastModified": 1733328505,
        "narHash": "sha256-NeCCThCEP3eCl2l/+27kNNK7QrwZB1IJCrXfrbv5oqU=",
        "owner": "edolstra",
        "repo": "flake-compat",
        "rev": "ff81ac966bb2cae68946d5ed5fc4994f96d0ffec",
        "type": "github"
      },
      "original": {
        "owner": "edolstra",
        "repo": "flake-compat",
        "type": "github"
      }
    },
    "flake-compat_3": {
      "flake": false,
      "locked": {
        "lastModified": 1696426674,
        "narHash": "sha256-kvjfFW7WAETZlt09AgDn1MrtKzP7t90Vf7vypd3OL1U=",
        "owner": "edolstra",
        "repo": "flake-compat",
        "rev": "0f9255e01c2351cc7d116c072cb317785dd33b33",
        "type": "github"
      },
      "original": {
        "owner": "edolstra",
        "repo": "flake-compat",
        "type": "github"
      }
    },
    "flake-parts": {
      "inputs": {
        "nixpkgs-lib": ["anyrun", "nixpkgs"]
      },
      "locked": {
        "lastModified": 1727826117,
        "narHash": "sha256-K5ZLCyfO/Zj9mPFldf3iwS6oZStJcU4tSpiXTMYaaL0=",
        "owner": "hercules-ci",
        "repo": "flake-parts",
        "rev": "3d04084d54bedc3d6b8b736c70ef449225c361b1",
        "type": "github"
      },
      "original": {
        "owner": "hercules-ci",
        "repo": "flake-parts",
        "type": "github"
      }
    },
    "flake-parts_2": {
      "inputs": {
        "nixpkgs-lib": "nixpkgs-lib"
      },
      "locked": {
        "lastModified": 1690933134,
        "narHash": "sha256-ab989mN63fQZBFrkk4Q8bYxQCktuHmBIBqUG1jl6/FQ=",
        "owner": "hercules-ci",
        "repo": "flake-parts",
        "rev": "59cf3f1447cfc75087e7273b04b31e689a8599fb",
        "type": "github"
      },
      "original": {
        "owner": "hercules-ci",
        "repo": "flake-parts",
        "type": "github"
      }
    },
    "flake-parts_3": {
      "inputs": {
        "nixpkgs-lib": "nixpkgs-lib_2"
      },
      "locked": {
        "lastModified": 1741352980,
        "narHash": "sha256-+u2UunDA4Cl5Fci3m7S643HzKmIDAe+fiXrLqYsR2fs=",
        "owner": "hercules-ci",
        "repo": "flake-parts",
        "rev": "f4330d22f1c5d2ba72d3d22df5597d123fdb60a9",
        "type": "github"
      },
      "original": {
        "owner": "hercules-ci",
        "repo": "flake-parts",
        "type": "github"
      }
    },
    "flake-parts_4": {
      "inputs": {
        "nixpkgs-lib": "nixpkgs-lib_3"
      },
      "locked": {
        "lastModified": 1741352980,
        "narHash": "sha256-+u2UunDA4Cl5Fci3m7S643HzKmIDAe+fiXrLqYsR2fs=",
        "owner": "hercules-ci",
        "repo": "flake-parts",
        "rev": "f4330d22f1c5d2ba72d3d22df5597d123fdb60a9",
        "type": "github"
      },
      "original": {
        "owner": "hercules-ci",
        "repo": "flake-parts",
        "type": "github"
      }
    },
    "flake-parts_5": {
      "inputs": {
        "nixpkgs-lib": ["nix-super", "nixpkgs"]
      },
      "locked": {
        "lastModified": 1719994518,
        "narHash": "sha256-pQMhCCHyQGRzdfAkdJ4cIWiw+JNuWsTX7f0ZYSyz0VY=",
        "owner": "hercules-ci",
        "repo": "flake-parts",
        "rev": "9227223f6d922fee3c7b190b2cc238a99527bbb7",
        "type": "github"
      },
      "original": {
        "owner": "hercules-ci",
        "repo": "flake-parts",
        "type": "github"
      }
    },
    "flake-parts_6": {
      "inputs": {
        "nixpkgs-lib": ["nixpak", "nixpkgs"]
      },
      "locked": {
        "lastModified": 1741352980,
        "narHash": "sha256-+u2UunDA4Cl5Fci3m7S643HzKmIDAe+fiXrLqYsR2fs=",
        "owner": "hercules-ci",
        "repo": "flake-parts",
        "rev": "f4330d22f1c5d2ba72d3d22df5597d123fdb60a9",
        "type": "github"
      },
      "original": {
        "owner": "hercules-ci",
        "repo": "flake-parts",
        "type": "github"
      }
    },
    "flake-parts_7": {
      "inputs": {
        "nixpkgs-lib": "nixpkgs-lib_4"
      },
      "locked": {
        "lastModified": 1701473968,
        "narHash": "sha256-YcVE5emp1qQ8ieHUnxt1wCZCC3ZfAS+SRRWZ2TMda7E=",
        "owner": "hercules-ci",
        "repo": "flake-parts",
        "rev": "34fed993f1674c8d06d58b37ce1e0fe5eebcb9f5",
        "type": "github"
      },
      "original": {
        "owner": "hercules-ci",
        "repo": "flake-parts",
        "type": "github"
      }
    },
    "flake-parts_8": {
      "inputs": {
        "nixpkgs-lib": ["nixtheplanet", "hercules-ci-effects", "nixpkgs"]
      },
      "locked": {
        "lastModified": 1696343447,
        "narHash": "sha256-B2xAZKLkkeRFG5XcHHSXXcP7To9Xzr59KXeZiRf4vdQ=",
        "owner": "hercules-ci",
        "repo": "flake-parts",
        "rev": "c9afaba3dfa4085dbd2ccb38dfade5141e33d9d4",
        "type": "github"
      },
      "original": {
        "id": "flake-parts",
        "type": "indirect"
      }
    },
    "flake-parts_9": {
      "inputs": {
        "nixpkgs-lib": ["nur", "nixpkgs"]
      },
      "locked": {
        "lastModified": 1733312601,
        "narHash": "sha256-4pDvzqnegAfRkPwO3wmwBhVi/Sye1mzps0zHWYnP88c=",
        "owner": "hercules-ci",
        "repo": "flake-parts",
        "rev": "205b12d8b7cd4802fbcb8e8ef6a0f1408781a4f9",
        "type": "github"
      },
      "original": {
        "owner": "hercules-ci",
        "repo": "flake-parts",
        "type": "github"
      }
    },
    "flake-registry": {
      "flake": false,
      "locked": {
        "lastModified": 1734450202,
        "narHash": "sha256-/3gigrEBFORQs6a8LL5twoHs7biu08y/8Xc5aQmk3b0=",
        "owner": "nixos",
        "repo": "flake-registry",
        "rev": "02fe640c9e117dd9d6a34efc7bcb8bd09c08111d",
        "type": "github"
      },
      "original": {
        "owner": "nixos",
        "repo": "flake-registry",
        "type": "github"
      }
    },
    "flake-utils": {
      "inputs": {
        "systems": "systems_3"
      },
      "locked": {
        "lastModified": 1705309234,
        "narHash": "sha256-uNRRNRKmJyCRC/8y1RqBkqWBLM034y4qN7EprSdmgyA=",
        "owner": "numtide",
        "repo": "flake-utils",
        "rev": "1ef2e671c3b0c19053962c07dbda38332dcebf26",
        "type": "github"
      },
      "original": {
        "owner": "numtide",
        "repo": "flake-utils",
        "type": "github"
      }
    },
    "flake-utils_2": {
      "inputs": {
        "systems": "systems_5"
      },
      "locked": {
        "lastModified": 1731533236,
        "narHash": "sha256-l0KFg5HjrsfsO/JpG+r7fRrqm12kzFHyUHqHCVpMMbI=",
        "owner": "numtide",
        "repo": "flake-utils",
        "rev": "11707dc2f618dd54ca8739b309ec4fc024de578b",
        "type": "github"
      },
      "original": {
        "owner": "numtide",
        "repo": "flake-utils",
        "type": "github"
      }
    },
    "flake-utils_3": {
      "locked": {
        "lastModified": 1659877975,
        "narHash": "sha256-zllb8aq3YO3h8B/U0/J1WBgAL8EX5yWf5pMj3G0NAmc=",
        "owner": "numtide",
        "repo": "flake-utils",
        "rev": "c0e246b9b83f637f4681389ecabcb2681b4f3af0",
        "type": "github"
      },
      "original": {
        "owner": "numtide",
        "repo": "flake-utils",
        "type": "github"
      }
    },
    "flake-utils_4": {
      "inputs": {
        "systems": "systems_7"
      },
      "locked": {
        "lastModified": 1731533236,
        "narHash": "sha256-l0KFg5HjrsfsO/JpG+r7fRrqm12kzFHyUHqHCVpMMbI=",
        "owner": "numtide",
        "repo": "flake-utils",
        "rev": "11707dc2f618dd54ca8739b309ec4fc024de578b",
        "type": "github"
      },
      "original": {
        "owner": "numtide",
        "repo": "flake-utils",
        "type": "github"
      }
    },
    "flake-utils_5": {
      "inputs": {
        "systems": "systems_8"
      },
      "locked": {
        "lastModified": 1731533236,
        "narHash": "sha256-l0KFg5HjrsfsO/JpG+r7fRrqm12kzFHyUHqHCVpMMbI=",
        "owner": "numtide",
        "repo": "flake-utils",
        "rev": "11707dc2f618dd54ca8739b309ec4fc024de578b",
        "type": "github"
      },
      "original": {
        "owner": "numtide",
        "repo": "flake-utils",
        "type": "github"
      }
    },
    "flake-utils_6": {
      "inputs": {
        "systems": "systems_9"
      },
      "locked": {
        "lastModified": 1731533236,
        "narHash": "sha256-l0KFg5HjrsfsO/JpG+r7fRrqm12kzFHyUHqHCVpMMbI=",
        "owner": "numtide",
        "repo": "flake-utils",
        "rev": "11707dc2f618dd54ca8739b309ec4fc024de578b",
        "type": "github"
      },
      "original": {
        "owner": "numtide",
        "repo": "flake-utils",
        "type": "github"
      }
    },
    "flakegen": {
      "inputs": {
        "systems": "systems_4"
      },
      "locked": {
        "lastModified": 1707120544,
        "narHash": "sha256-pXwH9NLXjhjnaz1n7w5m36gVUZ1GVkvtltsLnvVPFJY=",
        "owner": "jorsn",
        "repo": "flakegen",
        "rev": "8b11749b0724700273462a674dd16e5549fe2790",
        "type": "github"
      },
      "original": {
        "owner": "jorsn",
        "repo": "flakegen",
        "type": "github"
      }
    },
    "flarrent": {
      "inputs": {
        "flake-utils": "flake-utils_2",
        "nixpkgs": ["nixpkgs"]
      },
      "locked": {
        "lastModified": 1742649245,
        "narHash": "sha256-183KsFVYK6ACqiOqNz9ZXdShCkb6/2122CtVESUNnyo=",
        "owner": "flafydev",
        "repo": "flarrent",
        "rev": "44399d3730a7b466bce96d08be52a3b99e5d5bec",
        "type": "github"
      },
      "original": {
        "owner": "flafydev",
        "repo": "flarrent",
        "type": "github"
      }
    },
    "flutter-hooks-snippets": {
      "flake": false,
      "locked": {
        "lastModified": 1712564496,
        "narHash": "sha256-sPUPCJLweu14kubGQNKTpl+7hagYTHQ1AUGC1YqyVFw=",
        "owner": "devmuaz",
        "repo": "flutter-hooks-snippets",
        "rev": "99112de97c76d23e2165870a07717ddb2eb2ac6a",
        "type": "github"
      },
      "original": {
        "owner": "devmuaz",
        "repo": "flutter-hooks-snippets",
        "type": "github"
      }
    },
    "flutter-riverpod-snippets": {
      "flake": false,
      "locked": {
        "lastModified": 1681732022,
        "narHash": "sha256-fZXv4+nHTLDpCxbpivp+sOUY+MPXcl6zB+yDrgjhGnI=",
        "owner": "RobertBrunhage",
        "repo": "flutter-riverpod-snippets",
        "rev": "ee10f52d4e2f75bf3ac3fa67d441b493e5770fbc",
        "type": "github"
      },
      "original": {
        "owner": "RobertBrunhage",
        "repo": "flutter-riverpod-snippets",
        "type": "github"
      }
    },
    "git-hooks-nix": {
      "inputs": {
        "flake-compat": ["nix-super"],
        "gitignore": ["nix-super"],
        "nixpkgs": ["nix-super", "nixpkgs"],
        "nixpkgs-stable": ["nix-super", "nixpkgs"]
      },
      "locked": {
        "lastModified": 1721042469,
        "narHash": "sha256-6FPUl7HVtvRHCCBQne7Ylp4p+dpP3P/OYuzjztZ4s70=",
        "owner": "cachix",
        "repo": "git-hooks.nix",
        "rev": "f451c19376071a90d8c58ab1a953c6e9840527fd",
        "type": "github"
      },
      "original": {
        "owner": "cachix",
        "repo": "git-hooks.nix",
        "type": "github"
      }
    },
    "gitignore": {
      "inputs": {
        "nixpkgs": ["hyprland", "pre-commit-hooks", "nixpkgs"]
      },
      "locked": {
        "lastModified": 1709087332,
        "narHash": "sha256-HG2cCnktfHsKV0s4XW83gU3F57gaTljL9KNSuG6bnQs=",
        "owner": "hercules-ci",
        "repo": "gitignore.nix",
        "rev": "637db329424fd7e46cf4185293b9cc8c88c95394",
        "type": "github"
      },
      "original": {
        "owner": "hercules-ci",
        "repo": "gitignore.nix",
        "type": "github"
      }
    },
    "guifetch": {
      "inputs": {
        "flake-utils": "flake-utils_3",
        "nixpkgs": "nixpkgs_2"
      },
      "locked": {
        "lastModified": 1700306876,
        "narHash": "sha256-slRkaJi2PxcFcQMTDWRm/TSbyj0LbFuqmDU1isYKAHk=",
        "owner": "flafydev",
        "repo": "guifetch",
        "rev": "137ff141e87e7fbcb2ecbba50a40a2b24d548631",
        "type": "github"
      },
      "original": {
        "owner": "flafydev",
        "repo": "guifetch",
        "type": "github"
      }
    },
    "hercules-ci-effects": {
      "inputs": {
        "flake-parts": ["nixpak", "flake-parts"],
        "nixpkgs": ["nixpak", "nixpkgs"]
      },
      "locked": {
        "lastModified": 1742014779,
        "narHash": "sha256-I6fG1zrfdLFcp/imGZElig0BJO3YU0QEXLgvwWoOpJ8=",
        "owner": "hercules-ci",
        "repo": "hercules-ci-effects",
        "rev": "524637ef84c177661690b924bf64a1ce18072a2c",
        "type": "github"
      },
      "original": {
        "owner": "hercules-ci",
        "repo": "hercules-ci-effects",
        "type": "github"
      }
    },
    "hercules-ci-effects_2": {
      "inputs": {
        "flake-parts": "flake-parts_8",
        "nixpkgs": "nixpkgs_7"
      },
      "locked": {
        "lastModified": 1701009247,
        "narHash": "sha256-GuX16rzRze2y7CsewJLTV6qXkXWyEwp6VCZXi8HLruU=",
        "owner": "hercules-ci",
        "repo": "hercules-ci-effects",
        "rev": "31b6cd7569191bfcd0a548575b0e2ef953ed7d09",
        "type": "github"
      },
      "original": {
        "owner": "hercules-ci",
        "repo": "hercules-ci-effects",
        "type": "github"
      }
    },
    "home-manager": {
      "inputs": {
        "nixpkgs": ["agenix", "nixpkgs"]
      },
      "locked": {
        "lastModified": 1703113217,
        "narHash": "sha256-7ulcXOk63TIT2lVDSExj7XzFx09LpdSAPtvgtM7yQPE=",
        "owner": "nix-community",
        "repo": "home-manager",
        "rev": "3bfaacf46133c037bb356193bd2f1765d9dc82c1",
        "type": "github"
      },
      "original": {
        "owner": "nix-community",
        "repo": "home-manager",
        "type": "github"
      }
    },
    "home-manager_2": {
      "inputs": {
        "nixpkgs": ["nixpkgs"]
      },
      "locked": {
        "lastModified": 1742588233,
        "narHash": "sha256-Fi5g8H5FXMSRqy+mU6gPG0v+C9pzjYbkkiePtz8+PpA=",
        "owner": "nix-community",
        "repo": "home-manager",
        "rev": "296ddc64627f4a6a4eb447852d7346b9dd16197d",
        "type": "github"
      },
      "original": {
        "owner": "nix-community",
        "repo": "home-manager",
        "type": "github"
      }
    },
    "hypr-dynamic-cursors": {
      "inputs": {
        "hyprland": ["hyprland"],
        "nixpkgs": "nixpkgs_3"
      },
      "locked": {
        "lastModified": 1742321353,
        "narHash": "sha256-VMQWJn8aU6KUcXBhUdcUMhQGS9xFY2g8uohQ+2M/qw0=",
        "owner": "VirtCode",
        "repo": "hypr-dynamic-cursors",
        "rev": "9f40dc905e5b7e00f0c00956a5c2b007b26c50c2",
        "type": "github"
      },
      "original": {
        "owner": "VirtCode",
        "repo": "hypr-dynamic-cursors",
        "type": "github"
      }
    },
    "hyprcursor": {
      "inputs": {
        "hyprlang": ["hyprland", "hyprlang"],
        "nixpkgs": ["hyprland", "nixpkgs"],
        "systems": ["hyprland", "systems"]
      },
      "locked": {
        "lastModified": 1742215578,
        "narHash": "sha256-zfs71PXVVPEe56WEyNi2TJQPs0wabU4WAlq0XV7GcdE=",
        "owner": "hyprwm",
        "repo": "hyprcursor",
        "rev": "2fd36421c21aa87e2fe3bee11067540ae612f719",
        "type": "github"
      },
      "original": {
        "owner": "hyprwm",
        "repo": "hyprcursor",
        "type": "github"
      }
    },
    "hyprgraphics": {
      "inputs": {
        "hyprutils": ["hyprland", "hyprutils"],
        "nixpkgs": ["hyprland", "nixpkgs"],
        "systems": ["hyprland", "systems"]
      },
      "locked": {
        "lastModified": 1739049071,
        "narHash": "sha256-3+7TpXMrbsUXSwgr5VAKAnmkzMb6JO+Rvc9XRb5NMg4=",
        "owner": "hyprwm",
        "repo": "hyprgraphics",
        "rev": "175c6b29b6ff82100539e7c4363a35a02c74dd73",
        "type": "github"
      },
      "original": {
        "owner": "hyprwm",
        "repo": "hyprgraphics",
        "type": "github"
      }
    },
    "hyprland": {
      "inputs": {
        "aquamarine": "aquamarine",
        "hyprcursor": "hyprcursor",
        "hyprgraphics": "hyprgraphics",
        "hyprland-protocols": "hyprland-protocols",
        "hyprland-qtutils": "hyprland-qtutils",
        "hyprlang": "hyprlang",
        "hyprutils": "hyprutils",
        "hyprwayland-scanner": "hyprwayland-scanner",
        "nixpkgs": "nixpkgs_4",
        "pre-commit-hooks": "pre-commit-hooks",
        "systems": "systems_6",
        "xdph": "xdph"
      },
      "locked": {
        "lastModified": 1742584793,
        "narHash": "sha256-BWmy2GraRtlED472VfWwdUIkOGNQLb7hvLd/IzVaL14=",
        "ref": "refs/heads/main",
        "rev": "ccbdba7ee2ccb835306de89a6023134fa6b8006f",
        "revCount": 5915,
        "submodules": true,
        "type": "git",
        "url": "https://github.com/hyprwm/Hyprland"
      },
      "original": {
        "submodules": true,
        "type": "git",
        "url": "https://github.com/hyprwm/Hyprland"
      }
    },
    "hyprland-protocols": {
      "inputs": {
        "nixpkgs": ["hyprland", "nixpkgs"],
        "systems": ["hyprland", "systems"]
      },
      "locked": {
        "lastModified": 1738422629,
        "narHash": "sha256-5v+bv75wJWvahyM2xcMTSNNxmV8a7hb01Eey5zYnBJw=",
        "owner": "hyprwm",
        "repo": "hyprland-protocols",
        "rev": "755aef8dab49d0fc4663c715fa4ad221b2aedaed",
        "type": "github"
      },
      "original": {
        "owner": "hyprwm",
        "repo": "hyprland-protocols",
        "type": "github"
      }
    },
    "hyprland-qt-support": {
      "inputs": {
        "hyprlang": ["hyprland", "hyprland-qtutils", "hyprlang"],
        "nixpkgs": ["hyprland", "hyprland-qtutils", "nixpkgs"],
        "systems": ["hyprland", "hyprland-qtutils", "systems"]
      },
      "locked": {
        "lastModified": 1737634706,
        "narHash": "sha256-nGCibkfsXz7ARx5R+SnisRtMq21IQIhazp6viBU8I/A=",
        "owner": "hyprwm",
        "repo": "hyprland-qt-support",
        "rev": "8810df502cdee755993cb803eba7b23f189db795",
        "type": "github"
      },
      "original": {
        "owner": "hyprwm",
        "repo": "hyprland-qt-support",
        "type": "github"
      }
    },
    "hyprland-qtutils": {
      "inputs": {
        "hyprland-qt-support": "hyprland-qt-support",
        "hyprlang": ["hyprland", "hyprlang"],
        "hyprutils": ["hyprland", "hyprland-qtutils", "hyprlang", "hyprutils"],
        "nixpkgs": ["hyprland", "nixpkgs"],
        "systems": ["hyprland", "systems"]
      },
      "locked": {
        "lastModified": 1739048983,
        "narHash": "sha256-REhTcXq4qs3B3cCDtLlYDz0GZvmsBSh947Ub6pQWGTQ=",
        "owner": "hyprwm",
        "repo": "hyprland-qtutils",
        "rev": "3504a293c8f8db4127cb0f7cfc1a318ffb4316f8",
        "type": "github"
      },
      "original": {
        "owner": "hyprwm",
        "repo": "hyprland-qtutils",
        "type": "github"
      }
    },
    "hyprlang": {
      "inputs": {
        "hyprutils": ["hyprland", "hyprutils"],
        "nixpkgs": ["hyprland", "nixpkgs"],
        "systems": ["hyprland", "systems"]
      },
      "locked": {
        "lastModified": 1741191527,
        "narHash": "sha256-kM+11Nch47Xwfgtw2EpRitJuORy4miwoMuRi5tyMBDY=",
        "owner": "hyprwm",
        "repo": "hyprlang",
        "rev": "72df3861f1197e41b078faa3e38eedd60e00018d",
        "type": "github"
      },
      "original": {
        "owner": "hyprwm",
        "repo": "hyprlang",
        "type": "github"
      }
    },
    "hyprutils": {
      "inputs": {
        "nixpkgs": ["hyprland", "nixpkgs"],
        "systems": ["hyprland", "systems"]
      },
      "locked": {
        "lastModified": 1741534688,
        "narHash": "sha256-EV3945SnjOCuRVbGRghsWx/9D89FyshnSO1Q6/TuQ14=",
        "owner": "hyprwm",
        "repo": "hyprutils",
        "rev": "dd1f720cbc2dbb3c71167c9598045dd3261d27b3",
        "type": "github"
      },
      "original": {
        "owner": "hyprwm",
        "repo": "hyprutils",
        "type": "github"
      }
    },
    "hyprwayland-scanner": {
      "inputs": {
        "nixpkgs": ["hyprland", "nixpkgs"],
        "systems": ["hyprland", "systems"]
      },
      "locked": {
        "lastModified": 1739870480,
        "narHash": "sha256-SiDN5BGxa/1hAsqhgJsS03C3t2QrLgBT8u+ENJ0Qzwc=",
        "owner": "hyprwm",
        "repo": "hyprwayland-scanner",
        "rev": "206367a08dc5ac4ba7ad31bdca391d098082e64b",
        "type": "github"
      },
      "original": {
        "owner": "hyprwm",
        "repo": "hyprwayland-scanner",
        "type": "github"
      }
    },
    "impermanence": {
      "locked": {
        "lastModified": 1737831083,
        "narHash": "sha256-LJggUHbpyeDvNagTUrdhe/pRVp4pnS6wVKALS782gRI=",
        "owner": "nix-community",
        "repo": "impermanence",
        "rev": "4b3e914cdf97a5b536a889e939fb2fd2b043a170",
        "type": "github"
      },
      "original": {
        "owner": "nix-community",
        "repo": "impermanence",
        "type": "github"
      }
    },
    "libgit2": {
      "flake": false,
      "locked": {
        "lastModified": 1715853528,
        "narHash": "sha256-J2rCxTecyLbbDdsyBWn9w7r3pbKRMkI9E7RvRgAqBdY=",
        "owner": "libgit2",
        "repo": "libgit2",
        "rev": "36f7e21ad757a3dacc58cf7944329da6bc1d6e96",
        "type": "github"
      },
      "original": {
        "owner": "libgit2",
        "ref": "v1.8.1",
        "repo": "libgit2",
        "type": "github"
      }
    },
    "microvm": {
      "inputs": {
        "flake-utils": "flake-utils_4",
        "nixpkgs": ["nixpkgs"],
        "spectrum": "spectrum"
      },
      "locked": {
        "lastModified": 1743256103,
        "narHash": "sha256-3OBaDWRKUV/ZhzwNJYJC7K6HGQFZRlVFz6mIsAet7h8=",
        "owner": "FlafyDev",
        "repo": "microvm.nix",
        "rev": "2dd8d4559aae92880ddc7d6367015f970b16455c",
        "type": "github"
      },
      "original": {
        "owner": "FlafyDev",
        "ref": "flafy-main",
        "repo": "microvm.nix",
        "type": "github"
      }
    },
    "mobile-nixos": {
      "flake": false,
      "locked": {
        "lastModified": 1694815268,
        "narHash": "sha256-uclMJn9x9IbzC4ddR7fz08qs6m2fTA1Su62gD3p/5bY=",
        "owner": "nixos",
        "repo": "mobile-nixos",
        "rev": "8f9ce9d7e7e71b2d018039332e04c5be78f0a6b7",
        "type": "github"
      },
      "original": {
        "owner": "nixos",
        "repo": "mobile-nixos",
        "rev": "8f9ce9d7e7e71b2d018039332e04c5be78f0a6b7",
        "type": "github"
      }
    },
    "nix-gaming": {
      "inputs": {
        "flake-parts": "flake-parts_4",
        "nixpkgs": ["nixpkgs"]
      },
      "locked": {
        "lastModified": 1742607855,
        "narHash": "sha256-lUF/tpSON29qNIqhECX/Ue4qVmI3FOvMaW4iUnK49C4=",
        "owner": "fufexan",
        "repo": "nix-gaming",
        "rev": "9818734e2117dac703767585d48b805fad3e7a5e",
        "type": "github"
      },
      "original": {
        "owner": "fufexan",
        "repo": "nix-gaming",
        "type": "github"
      }
    },
    "nix-index-database": {
      "inputs": {
        "nixpkgs": ["nixpkgs"]
      },
      "locked": {
        "lastModified": 1742174123,
        "narHash": "sha256-pDNzMoR6m1ZSJToZQ6XDTLVSdzIzmFl1b8Pc3f7iV6Y=",
        "owner": "Mic92",
        "repo": "nix-index-database",
        "rev": "2cfb4e1ca32f59dd2811d7a6dd5d4d1225f0955c",
        "type": "github"
      },
      "original": {
        "owner": "Mic92",
        "repo": "nix-index-database",
        "type": "github"
      }
    },
    "nix-minecraft": {
      "inputs": {
        "flake-compat": "flake-compat_2",
        "flake-utils": "flake-utils_5",
        "nixpkgs": "nixpkgs_5"
      },
      "locked": {
        "lastModified": 1742608263,
        "narHash": "sha256-NMd7fpj04y0srAbHa19o7xMk19MzIrwkOKz57mxJC5E=",
        "owner": "infinidoge",
        "repo": "nix-minecraft",
        "rev": "341dc497af2d985ec97a9b5c935674b885706e52",
        "type": "github"
      },
      "original": {
        "owner": "infinidoge",
        "repo": "nix-minecraft",
        "type": "github"
      }
    },
    "nix-super": {
      "inputs": {
        "flake-compat": "flake-compat_3",
        "flake-parts": "flake-parts_5",
        "git-hooks-nix": "git-hooks-nix",
        "libgit2": "libgit2",
        "nixpkgs": ["nixpkgs"],
        "nixpkgs-23-11": "nixpkgs-23-11",
        "nixpkgs-regression": "nixpkgs-regression"
      },
      "locked": {
        "lastModified": 1733338937,
        "narHash": "sha256-rciw6KIBxnH4utK+7B0bnhexz+hFJ53YE4xAPvPS/SE=",
        "owner": "privatevoid-net",
        "repo": "nix-super",
        "rev": "09416ef0230295a5645532874a662a798e14087b",
        "type": "github"
      },
      "original": {
        "owner": "privatevoid-net",
        "repo": "nix-super",
        "type": "github"
      }
    },
    "nixpak": {
      "inputs": {
        "flake-parts": "flake-parts_6",
        "hercules-ci-effects": "hercules-ci-effects",
        "nixpkgs": ["nixpkgs"]
      },
      "locked": {
        "lastModified": 1742437340,
        "narHash": "sha256-ZAm52axXpm4oM3/Xr0BZBPWDCzW2cHHgc4ZYjxvVNdk=",
        "owner": "nixpak",
        "repo": "nixpak",
        "rev": "cf93d6657c5e60ed5501d4b3c7c5bc1a36b59415",
        "type": "github"
      },
      "original": {
        "owner": "nixpak",
        "repo": "nixpak",
        "type": "github"
      }
    },
    "nixpkgs": {
      "locked": {
        "lastModified": 1705566941,
        "narHash": "sha256-CLNtVRDA8eUPk+bxsCCZtRO0Cp+SpHdn1nNOLoFypLs=",
        "owner": "NixOS",
        "repo": "nixpkgs",
        "rev": "b06ff4bf8f4ad900fe0c2a61fc2946edc3a84be7",
        "type": "github"
      },
      "original": {
        "owner": "NixOS",
        "ref": "nixpkgs-unstable",
        "repo": "nixpkgs",
        "type": "github"
      }
    },
    "nixpkgs-23-11": {
      "locked": {
        "lastModified": 1717159533,
        "narHash": "sha256-oamiKNfr2MS6yH64rUn99mIZjc45nGJlj9eGth/3Xuw=",
        "owner": "NixOS",
        "repo": "nixpkgs",
        "rev": "a62e6edd6d5e1fa0329b8653c801147986f8d446",
        "type": "github"
      },
      "original": {
        "owner": "NixOS",
        "repo": "nixpkgs",
        "rev": "a62e6edd6d5e1fa0329b8653c801147986f8d446",
        "type": "github"
      }
    },
    "nixpkgs-bara": {
      "locked": {
        "lastModified": 1689679375,
        "narHash": "sha256-LHUC52WvyVDi9PwyL1QCpaxYWBqp4ir4iL6zgOkmcb8=",
        "owner": "nixos",
        "repo": "nixpkgs",
        "rev": "684c17c429c42515bafb3ad775d2a710947f3d67",
        "type": "github"
      },
      "original": {
        "owner": "nixos",
        "repo": "nixpkgs",
        "rev": "684c17c429c42515bafb3ad775d2a710947f3d67",
        "type": "github"
      }
    },
    "nixpkgs-lib": {
      "locked": {
        "dir": "lib",
        "lastModified": 1690881714,
        "narHash": "sha256-h/nXluEqdiQHs1oSgkOOWF+j8gcJMWhwnZ9PFabN6q0=",
        "owner": "NixOS",
        "repo": "nixpkgs",
        "rev": "9e1960bc196baf6881340d53dccb203a951745a2",
        "type": "github"
      },
      "original": {
        "dir": "lib",
        "owner": "NixOS",
        "ref": "nixos-unstable",
        "repo": "nixpkgs",
        "type": "github"
      }
    },
    "nixpkgs-lib_2": {
      "locked": {
        "lastModified": 1740877520,
        "narHash": "sha256-oiwv/ZK/2FhGxrCkQkB83i7GnWXPPLzoqFHpDD3uYpk=",
        "owner": "nix-community",
        "repo": "nixpkgs.lib",
        "rev": "147dee35aab2193b174e4c0868bd80ead5ce755c",
        "type": "github"
      },
      "original": {
        "owner": "nix-community",
        "repo": "nixpkgs.lib",
        "type": "github"
      }
    },
    "nixpkgs-lib_3": {
      "locked": {
        "lastModified": 1740877520,
        "narHash": "sha256-oiwv/ZK/2FhGxrCkQkB83i7GnWXPPLzoqFHpDD3uYpk=",
        "owner": "nix-community",
        "repo": "nixpkgs.lib",
        "rev": "147dee35aab2193b174e4c0868bd80ead5ce755c",
        "type": "github"
      },
      "original": {
        "owner": "nix-community",
        "repo": "nixpkgs.lib",
        "type": "github"
      }
    },
    "nixpkgs-lib_4": {
      "locked": {
        "dir": "lib",
        "lastModified": 1701253981,
        "narHash": "sha256-ztaDIyZ7HrTAfEEUt9AtTDNoCYxUdSd6NrRHaYOIxtk=",
        "owner": "NixOS",
        "repo": "nixpkgs",
        "rev": "e92039b55bcd58469325ded85d4f58dd5a4eaf58",
        "type": "github"
      },
      "original": {
        "dir": "lib",
        "owner": "NixOS",
        "ref": "nixos-unstable",
        "repo": "nixpkgs",
        "type": "github"
      }
    },
    "nixpkgs-regression": {
      "locked": {
        "lastModified": 1643052045,
        "narHash": "sha256-uGJ0VXIhWKGXxkeNnq4TvV3CIOkUJ3PAoLZ3HMzNVMw=",
        "owner": "NixOS",
        "repo": "nixpkgs",
        "rev": "215d4d0fd80ca5163643b03a33fde804a29cc1e2",
        "type": "github"
      },
      "original": {
        "owner": "NixOS",
        "repo": "nixpkgs",
        "rev": "215d4d0fd80ca5163643b03a33fde804a29cc1e2",
        "type": "github"
      }
    },
    "nixpkgs_10": {
      "locked": {
        "lastModified": 1730785428,
        "narHash": "sha256-Zwl8YgTVJTEum+L+0zVAWvXAGbWAuXHax3KzuejaDyo=",
        "owner": "NixOS",
        "repo": "nixpkgs",
        "rev": "4aa36568d413aca0ea84a1684d2d46f55dbabad7",
        "type": "github"
      },
      "original": {
        "owner": "NixOS",
        "repo": "nixpkgs",
        "rev": "4aa36568d413aca0ea84a1684d2d46f55dbabad7",
        "type": "github"
      }
    },
    "nixpkgs_2": {
      "locked": {
        "lastModified": 1692221125,
        "narHash": "sha256-nKUDlbLL8/WW3Fpx9Y0sY+LliTqU3/GexvHU9BdA8Qk=",
        "owner": "NixOS",
        "repo": "nixpkgs",
        "rev": "214c9de8159b25f3cdc8374a80794d4d5787b4cf",
        "type": "github"
      },
      "original": {
        "owner": "NixOS",
        "ref": "nixpkgs-unstable",
        "repo": "nixpkgs",
        "type": "github"
      }
    },
    "nixpkgs_3": {
      "locked": {
        "lastModified": 1737469691,
        "narHash": "sha256-nmKOgAU48S41dTPIXAq0AHZSehWUn6ZPrUKijHAMmIk=",
        "owner": "nixos",
        "repo": "nixpkgs",
        "rev": "9e4d5190a9482a1fb9d18adf0bdb83c6e506eaab",
        "type": "github"
      },
      "original": {
        "owner": "nixos",
        "ref": "nixos-unstable",
        "repo": "nixpkgs",
        "type": "github"
      }
    },
    "nixpkgs_4": {
      "locked": {
        "lastModified": 1742069588,
        "narHash": "sha256-C7jVfohcGzdZRF6DO+ybyG/sqpo1h6bZi9T56sxLy+k=",
        "owner": "NixOS",
        "repo": "nixpkgs",
        "rev": "c80f6a7e10b39afcc1894e02ef785b1ad0b0d7e5",
        "type": "github"
      },
      "original": {
        "owner": "NixOS",
        "ref": "nixos-unstable",
        "repo": "nixpkgs",
        "type": "github"
      }
    },
    "nixpkgs_5": {
      "locked": {
        "lastModified": 1739866667,
        "narHash": "sha256-EO1ygNKZlsAC9avfcwHkKGMsmipUk1Uc0TbrEZpkn64=",
        "owner": "nixos",
        "repo": "nixpkgs",
        "rev": "73cf49b8ad837ade2de76f87eb53fc85ed5d4680",
        "type": "github"
      },
      "original": {
        "owner": "nixos",
        "ref": "nixos-unstable",
        "repo": "nixpkgs",
        "type": "github"
      }
    },
    "nixpkgs_6": {
      "locked": {
        "lastModified": 1742422364,
        "narHash": "sha256-mNqIplmEohk5jRkqYqG19GA8MbQ/D4gQSK0Mu4LvfRQ=",
        "owner": "nixos",
        "repo": "nixpkgs",
        "rev": "a84ebe20c6bc2ecbcfb000a50776219f48d134cc",
        "type": "github"
      },
      "original": {
        "owner": "nixos",
        "ref": "nixos-unstable",
        "repo": "nixpkgs",
        "type": "github"
      }
    },
    "nixpkgs_7": {
      "locked": {
        "lastModified": 1697723726,
        "narHash": "sha256-SaTWPkI8a5xSHX/rrKzUe+/uVNy6zCGMXgoeMb7T9rg=",
        "owner": "NixOS",
        "repo": "nixpkgs",
        "rev": "7c9cc5a6e5d38010801741ac830a3f8fd667a7a0",
        "type": "github"
      },
      "original": {
        "owner": "NixOS",
        "ref": "nixos-unstable",
        "repo": "nixpkgs",
        "type": "github"
      }
    },
    "nixpkgs_8": {
      "locked": {
        "lastModified": 1703255338,
        "narHash": "sha256-Z6wfYJQKmDN9xciTwU3cOiOk+NElxdZwy/FiHctCzjU=",
        "owner": "nixos",
        "repo": "nixpkgs",
        "rev": "6df37dc6a77654682fe9f071c62b4242b5342e04",
        "type": "github"
      },
      "original": {
        "owner": "nixos",
        "ref": "nixos-unstable",
        "repo": "nixpkgs",
        "type": "github"
      }
    },
    "nixpkgs_9": {
      "locked": {
        "lastModified": 1742422364,
        "narHash": "sha256-mNqIplmEohk5jRkqYqG19GA8MbQ/D4gQSK0Mu4LvfRQ=",
        "owner": "nixos",
        "repo": "nixpkgs",
        "rev": "a84ebe20c6bc2ecbcfb000a50776219f48d134cc",
        "type": "github"
      },
      "original": {
        "owner": "nixos",
        "ref": "nixos-unstable",
        "repo": "nixpkgs",
        "type": "github"
      }
    },
    "nixtheplanet": {
      "inputs": {
        "flake-parts": "flake-parts_7",
        "hercules-ci-effects": "hercules-ci-effects_2",
        "nixpkgs": "nixpkgs_8",
        "osx-kvm": "osx-kvm"
      },
      "locked": {
        "lastModified": 1739955541,
        "narHash": "sha256-X7BvCkW6QQFOmjBgrpdayOR+pv7gz7a/0wl/p+mTxt4=",
        "owner": "matthewcroughan",
        "repo": "nixtheplanet",
        "rev": "c9d159dc2e0049e7b250a767a3a01def52c3412b",
        "type": "github"
      },
      "original": {
        "owner": "matthewcroughan",
        "repo": "nixtheplanet",
        "type": "github"
      }
    },
    "nur": {
      "inputs": {
        "flake-parts": "flake-parts_9",
        "nixpkgs": "nixpkgs_9",
        "treefmt-nix": "treefmt-nix"
      },
      "locked": {
        "lastModified": 1742641993,
        "narHash": "sha256-6f6jeX5hs9X3wqpzKgr5c2d6yd5h2Oru2Ntfpa5fSyc=",
        "owner": "nix-community",
        "repo": "NUR",
        "rev": "0eadb44f48ae149536423ebf1c976a328e585a0d",
        "type": "github"
      },
      "original": {
        "owner": "nix-community",
        "repo": "NUR",
        "type": "github"
      }
    },
    "osx-kvm": {
      "flake": false,
      "locked": {
        "lastModified": 1701316418,
        "narHash": "sha256-Sk8LYhFovoMX1ln7DWYArJQphW2a4h8Xg7/ZEZXwZv4=",
        "owner": "kholia",
        "repo": "OSX-KVM",
        "rev": "09daff670a7eb9ff616073df329586c5995623a9",
        "type": "github"
      },
      "original": {
        "owner": "kholia",
        "repo": "OSX-KVM",
        "type": "github"
      }
    },
    "pre-commit-hooks": {
      "inputs": {
        "flake-compat": "flake-compat",
        "gitignore": "gitignore",
        "nixpkgs": ["hyprland", "nixpkgs"]
      },
      "locked": {
        "lastModified": 1742058297,
        "narHash": "sha256-b4SZc6TkKw8WQQssbN5O2DaCEzmFfvSTPYHlx/SFW9Y=",
        "owner": "cachix",
        "repo": "git-hooks.nix",
        "rev": "59f17850021620cd348ad2e9c0c64f4e6325ce2a",
        "type": "github"
      },
      "original": {
        "owner": "cachix",
        "repo": "git-hooks.nix",
        "type": "github"
      }
    },
    "root": {
      "inputs": {
        "agenix": "agenix",
        "anyrun": "anyrun",
        "anyrun-nixos-options": "anyrun-nixos-options",
        "assets": "assets",
        "bad-time-simulator": "bad-time-simulator",
        "bufresize-nvim": "bufresize-nvim",
        "emoji-drawing": "emoji-drawing",
        "flake-parts": "flake-parts_3",
        "flake-registry": "flake-registry",
        "flakegen": "flakegen",
        "flarrent": "flarrent",
        "flutter-hooks-snippets": "flutter-hooks-snippets",
        "flutter-riverpod-snippets": "flutter-riverpod-snippets",
        "guifetch": "guifetch",
        "home-manager": "home-manager_2",
        "hypr-dynamic-cursors": "hypr-dynamic-cursors",
        "hyprland": "hyprland",
        "impermanence": "impermanence",
        "microvm": "microvm",
        "mobile-nixos": "mobile-nixos",
        "nix-gaming": "nix-gaming",
        "nix-index-database": "nix-index-database",
        "nix-minecraft": "nix-minecraft",
        "nix-super": "nix-super",
        "nixpak": "nixpak",
        "nixpkgs": "nixpkgs_6",
        "nixpkgs-bara": "nixpkgs-bara",
        "nixtheplanet": "nixtheplanet",
        "nur": "nur",
        "tailwind-tools": "tailwind-tools",
        "transparent-nvim": "transparent-nvim"
      }
    },
    "spectrum": {
      "flake": false,
      "locked": {
        "lastModified": 1733308308,
        "narHash": "sha256-+RcbMAjSxV1wW5UpS9abIG1lFZC8bITPiFIKNnE7RLs=",
        "ref": "refs/heads/main",
        "rev": "80c9e9830d460c944c8f730065f18bb733bc7ee2",
        "revCount": 792,
        "type": "git",
        "url": "https://spectrum-os.org/git/spectrum"
      },
      "original": {
        "type": "git",
        "url": "https://spectrum-os.org/git/spectrum"
      }
    },
    "systems": {
      "locked": {
        "lastModified": 1681028828,
        "narHash": "sha256-Vy1rq5AaRuLzOxct8nz4T6wlgyUR7zLU309k9mBC768=",
        "owner": "nix-systems",
        "repo": "default",
        "rev": "da67096a3b9bf56a91d16901293e51ba5b49a27e",
        "type": "github"
      },
      "original": {
        "owner": "nix-systems",
        "repo": "default",
        "type": "github"
      }
    },
    "systems_2": {
      "locked": {
        "lastModified": 1689347949,
        "narHash": "sha256-12tWmuL2zgBgZkdoB6qXZsgJEH9LR3oUgpaQq2RbI80=",
        "owner": "nix-systems",
        "repo": "default-linux",
        "rev": "31732fcf5e8fea42e59c2488ad31a0e651500f68",
        "type": "github"
      },
      "original": {
        "owner": "nix-systems",
        "repo": "default-linux",
        "type": "github"
      }
    },
    "systems_3": {
      "locked": {
        "lastModified": 1681028828,
        "narHash": "sha256-Vy1rq5AaRuLzOxct8nz4T6wlgyUR7zLU309k9mBC768=",
        "owner": "nix-systems",
        "repo": "default",
        "rev": "da67096a3b9bf56a91d16901293e51ba5b49a27e",
        "type": "github"
      },
      "original": {
        "owner": "nix-systems",
        "repo": "default",
        "type": "github"
      }
    },
    "systems_4": {
      "locked": {
        "lastModified": 1681028828,
        "narHash": "sha256-Vy1rq5AaRuLzOxct8nz4T6wlgyUR7zLU309k9mBC768=",
        "owner": "nix-systems",
        "repo": "default",
        "rev": "da67096a3b9bf56a91d16901293e51ba5b49a27e",
        "type": "github"
      },
      "original": {
        "owner": "nix-systems",
        "repo": "default",
        "type": "github"
      }
    },
    "systems_5": {
      "locked": {
        "lastModified": 1681028828,
        "narHash": "sha256-Vy1rq5AaRuLzOxct8nz4T6wlgyUR7zLU309k9mBC768=",
        "owner": "nix-systems",
        "repo": "default",
        "rev": "da67096a3b9bf56a91d16901293e51ba5b49a27e",
        "type": "github"
      },
      "original": {
        "owner": "nix-systems",
        "repo": "default",
        "type": "github"
      }
    },
    "systems_6": {
      "locked": {
        "lastModified": 1689347949,
        "narHash": "sha256-12tWmuL2zgBgZkdoB6qXZsgJEH9LR3oUgpaQq2RbI80=",
        "owner": "nix-systems",
        "repo": "default-linux",
        "rev": "31732fcf5e8fea42e59c2488ad31a0e651500f68",
        "type": "github"
      },
      "original": {
        "owner": "nix-systems",
        "repo": "default-linux",
        "type": "github"
      }
    },
    "systems_7": {
      "locked": {
        "lastModified": 1681028828,
        "narHash": "sha256-Vy1rq5AaRuLzOxct8nz4T6wlgyUR7zLU309k9mBC768=",
        "owner": "nix-systems",
        "repo": "default",
        "rev": "da67096a3b9bf56a91d16901293e51ba5b49a27e",
        "type": "github"
      },
      "original": {
        "owner": "nix-systems",
        "repo": "default",
        "type": "github"
      }
    },
    "systems_8": {
      "locked": {
        "lastModified": 1681028828,
        "narHash": "sha256-Vy1rq5AaRuLzOxct8nz4T6wlgyUR7zLU309k9mBC768=",
        "owner": "nix-systems",
        "repo": "default",
        "rev": "da67096a3b9bf56a91d16901293e51ba5b49a27e",
        "type": "github"
      },
      "original": {
        "owner": "nix-systems",
        "repo": "default",
        "type": "github"
      }
    },
    "systems_9": {
      "locked": {
        "lastModified": 1681028828,
        "narHash": "sha256-Vy1rq5AaRuLzOxct8nz4T6wlgyUR7zLU309k9mBC768=",
        "owner": "nix-systems",
        "repo": "default",
        "rev": "da67096a3b9bf56a91d16901293e51ba5b49a27e",
        "type": "github"
      },
      "original": {
        "owner": "nix-systems",
        "repo": "default",
        "type": "github"
      }
    },
    "tailwind-tools": {
      "flake": false,
      "locked": {
        "lastModified": 1739635680,
        "narHash": "sha256-nJF0h2KzZi0YqK8+FnWLYOgJs/P5KR/GLUAbKaNRdkg=",
        "owner": "luckasRanarison",
        "repo": "tailwind-tools.nvim",
        "rev": "abe7368392345c53174979c2cf033e832de80ef8",
        "type": "github"
      },
      "original": {
        "owner": "luckasRanarison",
        "repo": "tailwind-tools.nvim",
        "type": "github"
      }
    },
    "transparent-nvim": {
      "flake": false,
      "locked": {
        "lastModified": 1724573095,
        "narHash": "sha256-6jOLgcWqnVzabT2+CehY92Z4mYzJHiRiInn5T5OXqZE=",
        "owner": "xiyaowong",
        "repo": "transparent.nvim",
        "rev": "8a2749a2fa74f97fe6557f61b89ac7fd873f3c21",
        "type": "github"
      },
      "original": {
        "owner": "xiyaowong",
        "repo": "transparent.nvim",
        "type": "github"
      }
    },
    "treefmt-nix": {
      "inputs": {
        "nixpkgs": ["nur", "nixpkgs"]
      },
      "locked": {
        "lastModified": 1733222881,
        "narHash": "sha256-JIPcz1PrpXUCbaccEnrcUS8jjEb/1vJbZz5KkobyFdM=",
        "owner": "numtide",
        "repo": "treefmt-nix",
        "rev": "49717b5af6f80172275d47a418c9719a31a78b53",
        "type": "github"
      },
      "original": {
        "owner": "numtide",
        "repo": "treefmt-nix",
        "type": "github"
      }
    },
    "xdph": {
      "inputs": {
        "hyprland-protocols": ["hyprland", "hyprland-protocols"],
        "hyprlang": ["hyprland", "hyprlang"],
        "hyprutils": ["hyprland", "hyprutils"],
        "hyprwayland-scanner": ["hyprland", "hyprwayland-scanner"],
        "nixpkgs": ["hyprland", "nixpkgs"],
        "systems": ["hyprland", "systems"]
      },
      "locked": {
        "lastModified": 1741934139,
        "narHash": "sha256-ZhTcTH9FoeAtbPfWGrhkH7RjLJZ7GeF18nygLAMR+WE=",
        "owner": "hyprwm",
        "repo": "xdg-desktop-portal-hyprland",
        "rev": "150b0b6f52bb422a1b232a53698606fe0320dde0",
        "type": "github"
      },
      "original": {
        "owner": "hyprwm",
        "repo": "xdg-desktop-portal-hyprland",
        "type": "github"
      }
    }
  },
  "root": "root",
  "version": 7
}
