{
  "nodes": {
    "bufresize-nvim": {
      "flake": false,
      "locked": {
        "lastModified": 1647824331,
        "narHash": "sha256-6jqlKe8Ekm+3dvlgFCpJnI0BZzWC3KDYoOb88/itH+g=",
        "owner": "kwkarlwang",
        "repo": "bufresize.nvim",
        "rev": "3b19527ab936d6910484dcc20fb59bdb12322d8b",
        "type": "github"
      },
      "original": {
        "owner": "kwkarlwang",
        "repo": "bufresize.nvim",
        "type": "github"
      }
    },
    "flutter-hooks-snippets": {
      "flake": false,
      "locked": {
        "lastModified": 1684348652,
        "narHash": "sha256-oGurFKlUTk3ZyoY+J6pK1LIENVdK2B3hBm3CLTI2Qqc=",
        "owner": "devmuaz",
        "repo": "flutter-hooks-snippets",
        "rev": "4023f6d7b91b1c7a66bda3e4346749171e12814d",
        "type": "github"
      },
      "original": {
        "owner": "devmuaz",
        "repo": "flutter-hooks-snippets",
        "type": "github"
      }
    },
    "flutter-riverpod-snippets": {
      "flake": false,
      "locked": {
        "lastModified": 1681732022,
        "narHash": "sha256-fZXv4+nHTLDpCxbpivp+sOUY+MPXcl6zB+yDrgjhGnI=",
        "owner": "RobertBrunhage",
        "repo": "flutter-riverpod-snippets",
        "rev": "ee10f52d4e2f75bf3ac3fa67d441b493e5770fbc",
        "type": "github"
      },
      "original": {
        "owner": "RobertBrunhage",
        "repo": "flutter-riverpod-snippets",
        "type": "github"
      }
    },
    "flutter-tools-nvim": {
      "flake": false,
      "locked": {
        "lastModified": 1684054309,
        "narHash": "sha256-K6ny6GGa34H2wVKpQob1V7C7/KfcgJIpwn76sKZiNpI=",
        "owner": "akinsho",
        "repo": "flutter-tools.nvim",
        "rev": "2b72017f369c5d80bb56bcf4379b3eccd69e2371",
        "type": "github"
      },
      "original": {
        "owner": "akinsho",
        "repo": "flutter-tools.nvim",
        "type": "github"
      }
    },
    "home-manager": {
      "inputs": {
        "nixpkgs": [
          "nixpkgs"
        ]
      },
      "locked": {
        "lastModified": 1684157850,
        "narHash": "sha256-xGHTCgvAxO5CgAL6IAgE/VGRX2wob2Y+DPyqpXJ32oQ=",
        "owner": "nix-community",
        "repo": "home-manager",
        "rev": "c0deab0effd576e70343cb5df0c64428e0e0d010",
        "type": "github"
      },
      "original": {
        "owner": "nix-community",
        "repo": "home-manager",
        "type": "github"
      }
    },
    "hyprland": {
      "inputs": {
        "hyprland-protocols": "hyprland-protocols",
        "nixpkgs": [
          "nixpkgs"
        ],
        "wlroots": "wlroots",
        "xdph": "xdph"
      },
      "locked": {
        "lastModified": 1683130508,
        "narHash": "sha256-Npf48UUfywneFYGEc7NQ59xudwvw7EJjwweT4tHguIY=",
        "owner": "hyprwm",
        "repo": "Hyprland",
        "rev": "f27873a6f06dc2f87600edb890f3c38298bfb55f",
        "type": "github"
      },
      "original": {
        "owner": "hyprwm",
        "ref": "v0.25.0",
        "repo": "Hyprland",
        "type": "github"
      }
    },
    "hyprland-protocols": {
      "inputs": {
        "nixpkgs": [
          "hyprland",
          "nixpkgs"
        ]
      },
      "locked": {
        "lastModified": 1681065697,
        "narHash": "sha256-QPzwwlGKX95tl6ZEshboZbEwwAXww6lNLdVYd6T9Mrc=",
        "owner": "hyprwm",
        "repo": "hyprland-protocols",
        "rev": "4d29e48433270a2af06b8bc711ca1fe5109746cd",
        "type": "github"
      },
      "original": {
        "owner": "hyprwm",
        "repo": "hyprland-protocols",
        "type": "github"
      }
    },
    "lspsaga": {
      "flake": false,
      "locked": {
        "lastModified": 1685367302,
        "narHash": "sha256-zXR3ZLOciVK4YXol4kx4f82VV2PMBGKUsnpSnRdr1bU=",
        "owner": "nvimdev",
        "repo": "lspsaga.nvim",
        "rev": "c4e6259dda346babc71970bd00e03e211b44614d",
        "type": "github"
      },
      "original": {
        "owner": "nvimdev",
        "repo": "lspsaga.nvim",
        "type": "github"
      }
    },
    "lspsaga-nvim": {
      "flake": false,
      "locked": {
        "lastModified": 1685367302,
        "narHash": "sha256-zXR3ZLOciVK4YXol4kx4f82VV2PMBGKUsnpSnRdr1bU=",
        "owner": "glepnir",
        "repo": "lspsaga.nvim",
        "rev": "c4e6259dda346babc71970bd00e03e211b44614d",
        "type": "github"
      },
      "original": {
        "owner": "glepnir",
        "repo": "lspsaga.nvim",
        "type": "github"
      }
    },
    "nixpkgs": {
      "locked": {
        "lastModified": 1683408522,
        "narHash": "sha256-9kcPh6Uxo17a3kK3XCHhcWiV1Yu1kYj22RHiymUhMkU=",
        "owner": "nixos",
        "repo": "nixpkgs",
        "rev": "897876e4c484f1e8f92009fd11b7d988a121a4e7",
        "type": "github"
      },
      "original": {
        "owner": "nixos",
        "repo": "nixpkgs",
        "rev": "897876e4c484f1e8f92009fd11b7d988a121a4e7",
        "type": "github"
      }
    },
    "nur": {
      "locked": {
        "lastModified": 1685390604,
        "narHash": "sha256-BgVzPodTFYdg1noGxoN5JWSQmhjBERL5BE+zEOCocv0=",
        "owner": "nix-community",
        "repo": "NUR",
        "rev": "95d747cb6ed34f05bc6a9f9b96eec454484764be",
        "type": "github"
      },
      "original": {
        "owner": "nix-community",
        "repo": "NUR",
        "type": "github"
      }
    },
    "root": {
      "inputs": {
        "bufresize-nvim": "bufresize-nvim",
        "flutter-hooks-snippets": "flutter-hooks-snippets",
        "flutter-riverpod-snippets": "flutter-riverpod-snippets",
        "flutter-tools-nvim": "flutter-tools-nvim",
        "home-manager": "home-manager",
        "hyprland": "hyprland",
        "lspsaga": "lspsaga",
        "lspsaga-nvim": "lspsaga-nvim",
        "nixpkgs": "nixpkgs",
        "nur": "nur",
        "transparent-nvim": "transparent-nvim"
      }
    },
    "transparent-nvim": {
      "flake": false,
      "locked": {
        "lastModified": 1681778190,
        "narHash": "sha256-Z4Icv7c/fK55plk0y/lEsoWDhLc8VixjQyyO6WdTOVw=",
        "owner": "xiyaowong",
        "repo": "transparent.nvim",
        "rev": "f09966923f7e329ceda9d90fe0b7e8042b6bdf31",
        "type": "github"
      },
      "original": {
        "owner": "xiyaowong",
        "repo": "transparent.nvim",
        "type": "github"
      }
    },
    "wlroots": {
      "flake": false,
      "locked": {
        "host": "gitlab.freedesktop.org",
        "lastModified": 1682436395,
        "narHash": "sha256-GGEjkQO9m7YLYIXIXM76HWdhjg4Ye+oafOtyaFAYKI4=",
        "owner": "wlroots",
        "repo": "wlroots",
        "rev": "6830bfc17fd94709e2cdd4da0af989f102a26e59",
        "type": "gitlab"
      },
      "original": {
        "host": "gitlab.freedesktop.org",
        "owner": "wlroots",
        "repo": "wlroots",
        "type": "gitlab"
      }
    },
    "xdph": {
      "inputs": {
        "hyprland-protocols": [
          "hyprland",
          "hyprland-protocols"
        ],
        "nixpkgs": [
          "hyprland",
          "nixpkgs"
        ]
      },
      "locked": {
        "lastModified": 1682439384,
        "narHash": "sha256-zHDa8LCZs05TZHQSIZ3ucwyMPglBGHcqTBzfkLjYXTM=",
        "owner": "hyprwm",
        "repo": "xdg-desktop-portal-hyprland",
        "rev": "c0e233955568fbea4e859336f6d3d14d51294d7c",
        "type": "github"
      },
      "original": {
        "owner": "hyprwm",
        "repo": "xdg-desktop-portal-hyprland",
        "type": "github"
      }
    }
  },
  "root": "root",
  "version": 7
}
